// !$*UTF8*$!
{
	archiveVersion = 1;
	classes = {
	};
	objectVersion = 46;
	objects = {

/* Begin PBXBuildFile section */
		01720CB815494FDD00ECC483 /* QuartzCore.framework in Frameworks */ = {isa = PBXBuildFile; fileRef = 01720CB715494FDD00ECC483 /* QuartzCore.framework */; };
		017252FD1536BAFE00775BA8 /* Photo.m in Sources */ = {isa = PBXBuildFile; fileRef = 017252FC1536BAFE00775BA8 /* Photo.m */; };
		017254BD155169C60087586A /* MBProgressHUD.m in Sources */ = {isa = PBXBuildFile; fileRef = 017254BB155169B20087586A /* MBProgressHUD.m */; };
		01761E431546D62900EF8749 /* TappingImageView.m in Sources */ = {isa = PBXBuildFile; fileRef = 01761E401546D60400EF8749 /* TappingImageView.m */; };
		01761E441546D63500EF8749 /* ZoomingScrollView.m in Sources */ = {isa = PBXBuildFile; fileRef = 01761E421546D60400EF8749 /* ZoomingScrollView.m */; };
		017914151552C03500878E0C /* LoginView.m in Sources */ = {isa = PBXBuildFile; fileRef = 017914141552C03500878E0C /* LoginView.m */; };
		0179535715788B700028C36D /* empty.cpp in Sources */ = {isa = PBXBuildFile; fileRef = 0179535615788B700028C36D /* empty.cpp */; };
		0179535A15788BC60028C36D /* libchilkatIos.a in Frameworks */ = {isa = PBXBuildFile; fileRef = 0179535915788BC60028C36D /* libchilkatIos.a */; };
		0179535F157891DC0028C36D /* BaseDriver.m in Sources */ = {isa = PBXBuildFile; fileRef = 0179535E157891DC0028C36D /* BaseDriver.m */; };
		017953691578A87B0028C36D /* FtpDriver.mm in Sources */ = {isa = PBXBuildFile; fileRef = 017953681578A87A0028C36D /* FtpDriver.mm */; };
		0179797C152D7B3B00645399 /* Browser.m in Sources */ = {isa = PBXBuildFile; fileRef = 0179797B152D7B3B00645399 /* Browser.m */; };
		017BA7FD152C7A9E00DF16B2 /* UIKit.framework in Frameworks */ = {isa = PBXBuildFile; fileRef = 017BA7FC152C7A9E00DF16B2 /* UIKit.framework */; };
		017BA7FF152C7A9E00DF16B2 /* Foundation.framework in Frameworks */ = {isa = PBXBuildFile; fileRef = 017BA7FE152C7A9E00DF16B2 /* Foundation.framework */; };
		017BA801152C7A9E00DF16B2 /* CoreGraphics.framework in Frameworks */ = {isa = PBXBuildFile; fileRef = 017BA800152C7A9E00DF16B2 /* CoreGraphics.framework */; };
		017BA807152C7A9E00DF16B2 /* InfoPlist.strings in Resources */ = {isa = PBXBuildFile; fileRef = 017BA805152C7A9E00DF16B2 /* InfoPlist.strings */; };
		017BA809152C7A9E00DF16B2 /* main.m in Sources */ = {isa = PBXBuildFile; fileRef = 017BA808152C7A9E00DF16B2 /* main.m */; };
		017BA80D152C7A9F00DF16B2 /* AppDelegate.m in Sources */ = {isa = PBXBuildFile; fileRef = 017BA80C152C7A9F00DF16B2 /* AppDelegate.m */; };
		017BA810152C7A9F00DF16B2 /* ViewController.m in Sources */ = {isa = PBXBuildFile; fileRef = 017BA80F152C7A9F00DF16B2 /* ViewController.m */; };
		017BA813152C7A9F00DF16B2 /* ViewController.xib in Resources */ = {isa = PBXBuildFile; fileRef = 017BA811152C7A9F00DF16B2 /* ViewController.xib */; };
		01800D83152EE7BF0044CEE0 /* Checkmark.png in Resources */ = {isa = PBXBuildFile; fileRef = 01800D7E152EE7BF0044CEE0 /* Checkmark.png */; };
		01800D84152EE7BF0044CEE0 /* UIBarButtonItemArrowLeft.png in Resources */ = {isa = PBXBuildFile; fileRef = 01800D7F152EE7BF0044CEE0 /* UIBarButtonItemArrowLeft.png */; };
		01800D85152EE7BF0044CEE0 /* UIBarButtonItemArrowLeft@2x.png in Resources */ = {isa = PBXBuildFile; fileRef = 01800D80152EE7BF0044CEE0 /* UIBarButtonItemArrowLeft@2x.png */; };
		01800D86152EE7BF0044CEE0 /* UIBarButtonItemArrowRight.png in Resources */ = {isa = PBXBuildFile; fileRef = 01800D81152EE7BF0044CEE0 /* UIBarButtonItemArrowRight.png */; };
		01800D87152EE7BF0044CEE0 /* UIBarButtonItemArrowRight@2x.png in Resources */ = {isa = PBXBuildFile; fileRef = 01800D82152EE7BF0044CEE0 /* UIBarButtonItemArrowRight@2x.png */; };
		018AF61015459C0500820E79 /* UIImageExtras.m in Sources */ = {isa = PBXBuildFile; fileRef = 018AF60E15459BF500820E79 /* UIImageExtras.m */; };
		019DED0515639D000008F616 /* EntryLs.m in Sources */ = {isa = PBXBuildFile; fileRef = 019DED0415639D000008F616 /* EntryLs.m */; };
		019DED091563B7530008F616 /* CaptionView.m in Sources */ = {isa = PBXBuildFile; fileRef = 019DED081563B7520008F616 /* CaptionView.m */; };
		01AB923B155545FC009E5E12 /* DirectoryList.m in Sources */ = {isa = PBXBuildFile; fileRef = 01AB923A155545FC009E5E12 /* DirectoryList.m */; };
		01DF222E1536FAD10089B7F2 /* CFNetwork.framework in Frameworks */ = {isa = PBXBuildFile; fileRef = 01DF222D1536FAD00089B7F2 /* CFNetwork.framework */; };
		01FC27E0156E23CC00C5549C /* ConnectionsList.m in Sources */ = {isa = PBXBuildFile; fileRef = 01FC27DF156E23CC00C5549C /* ConnectionsList.m */; };
/* End PBXBuildFile section */

/* Begin PBXFileReference section */
		016E9934156290AA00561C9E /* LoadingDelegate.h */ = {isa = PBXFileReference; lastKnownFileType = sourcecode.c.h; path = LoadingDelegate.h; sourceTree = "<group>"; };
		01720CB715494FDD00ECC483 /* QuartzCore.framework */ = {isa = PBXFileReference; lastKnownFileType = wrapper.framework; name = QuartzCore.framework; path = System/Library/Frameworks/QuartzCore.framework; sourceTree = SDKROOT; };
		017252F91536BA1300775BA8 /* PhotoDelegate.h */ = {isa = PBXFileReference; lastKnownFileType = sourcecode.c.h; path = PhotoDelegate.h; sourceTree = "<group>"; };
		017252FB1536BAFE00775BA8 /* Photo.h */ = {isa = PBXFileReference; fileEncoding = 4; lastKnownFileType = sourcecode.c.h; path = Photo.h; sourceTree = "<group>"; };
		017252FC1536BAFE00775BA8 /* Photo.m */ = {isa = PBXFileReference; fileEncoding = 4; lastKnownFileType = sourcecode.c.objc; path = Photo.m; sourceTree = "<group>"; };
		017254BA155169B20087586A /* MBProgressHUD.h */ = {isa = PBXFileReference; lastKnownFileType = sourcecode.c.h; path = MBProgressHUD.h; sourceTree = "<group>"; };
		017254BB155169B20087586A /* MBProgressHUD.m */ = {isa = PBXFileReference; lastKnownFileType = sourcecode.c.objc; path = MBProgressHUD.m; sourceTree = "<group>"; };
		01761E3F1546D60300EF8749 /* TappingImageView.h */ = {isa = PBXFileReference; lastKnownFileType = sourcecode.c.h; path = TappingImageView.h; sourceTree = "<group>"; };
		01761E401546D60400EF8749 /* TappingImageView.m */ = {isa = PBXFileReference; lastKnownFileType = sourcecode.c.objc; path = TappingImageView.m; sourceTree = "<group>"; };
		01761E411546D60400EF8749 /* ZoomingScrollView.h */ = {isa = PBXFileReference; lastKnownFileType = sourcecode.c.h; path = ZoomingScrollView.h; sourceTree = "<group>"; };
		01761E421546D60400EF8749 /* ZoomingScrollView.m */ = {isa = PBXFileReference; lastKnownFileType = sourcecode.c.objc; path = ZoomingScrollView.m; sourceTree = "<group>"; };
		017914131552C03500878E0C /* LoginView.h */ = {isa = PBXFileReference; fileEncoding = 4; lastKnownFileType = sourcecode.c.h; path = LoginView.h; sourceTree = "<group>"; };
		017914141552C03500878E0C /* LoginView.m */ = {isa = PBXFileReference; fileEncoding = 4; lastKnownFileType = sourcecode.c.objc; path = LoginView.m; sourceTree = "<group>"; };
		0179535615788B700028C36D /* empty.cpp */ = {isa = PBXFileReference; fileEncoding = 4; lastKnownFileType = sourcecode.cpp.cpp; path = empty.cpp; sourceTree = "<group>"; };
		0179535915788BC60028C36D /* libchilkatIos.a */ = {isa = PBXFileReference; lastKnownFileType = archive.ar; path = libchilkatIos.a; sourceTree = "<group>"; };
		0179535D157891DC0028C36D /* BaseDriver.h */ = {isa = PBXFileReference; fileEncoding = 4; lastKnownFileType = sourcecode.c.h; path = BaseDriver.h; sourceTree = "<group>"; };
		0179535E157891DC0028C36D /* BaseDriver.m */ = {isa = PBXFileReference; fileEncoding = 4; lastKnownFileType = sourcecode.c.objc; path = BaseDriver.m; sourceTree = "<group>"; };
		017953651578A7F80028C36D /* FtpDriver.h */ = {isa = PBXFileReference; fileEncoding = 4; lastKnownFileType = sourcecode.c.h; path = FtpDriver.h; sourceTree = "<group>"; };
		017953681578A87A0028C36D /* FtpDriver.mm */ = {isa = PBXFileReference; fileEncoding = 4; lastKnownFileType = sourcecode.cpp.objcpp; path = FtpDriver.mm; sourceTree = "<group>"; };
		0179797A152D7B3B00645399 /* Browser.h */ = {isa = PBXFileReference; fileEncoding = 4; lastKnownFileType = sourcecode.c.h; path = Browser.h; sourceTree = "<group>"; };
		0179797B152D7B3B00645399 /* Browser.m */ = {isa = PBXFileReference; fileEncoding = 4; lastKnownFileType = sourcecode.c.objc; path = Browser.m; sourceTree = "<group>"; };
		017BA7F8152C7A9E00DF16B2 /* PhotoBrowser.app */ = {isa = PBXFileReference; explicitFileType = wrapper.application; includeInIndex = 0; path = PhotoBrowser.app; sourceTree = BUILT_PRODUCTS_DIR; };
		017BA7FC152C7A9E00DF16B2 /* UIKit.framework */ = {isa = PBXFileReference; lastKnownFileType = wrapper.framework; name = UIKit.framework; path = System/Library/Frameworks/UIKit.framework; sourceTree = SDKROOT; };
		017BA7FE152C7A9E00DF16B2 /* Foundation.framework */ = {isa = PBXFileReference; lastKnownFileType = wrapper.framework; name = Foundation.framework; path = System/Library/Frameworks/Foundation.framework; sourceTree = SDKROOT; };
		017BA800152C7A9E00DF16B2 /* CoreGraphics.framework */ = {isa = PBXFileReference; lastKnownFileType = wrapper.framework; name = CoreGraphics.framework; path = System/Library/Frameworks/CoreGraphics.framework; sourceTree = SDKROOT; };
		017BA804152C7A9E00DF16B2 /* PhotoBrowser-Info.plist */ = {isa = PBXFileReference; lastKnownFileType = text.plist.xml; path = "PhotoBrowser-Info.plist"; sourceTree = "<group>"; };
		017BA806152C7A9E00DF16B2 /* en */ = {isa = PBXFileReference; lastKnownFileType = text.plist.strings; name = en; path = en.lproj/InfoPlist.strings; sourceTree = "<group>"; };
		017BA808152C7A9E00DF16B2 /* main.m */ = {isa = PBXFileReference; lastKnownFileType = sourcecode.c.objc; path = main.m; sourceTree = "<group>"; };
		017BA80A152C7A9E00DF16B2 /* PhotoBrowser-Prefix.pch */ = {isa = PBXFileReference; lastKnownFileType = sourcecode.c.h; path = "PhotoBrowser-Prefix.pch"; sourceTree = "<group>"; };
		017BA80B152C7A9F00DF16B2 /* AppDelegate.h */ = {isa = PBXFileReference; lastKnownFileType = sourcecode.c.h; path = AppDelegate.h; sourceTree = "<group>"; };
		017BA80C152C7A9F00DF16B2 /* AppDelegate.m */ = {isa = PBXFileReference; lastKnownFileType = sourcecode.c.objc; path = AppDelegate.m; sourceTree = "<group>"; };
		017BA80E152C7A9F00DF16B2 /* ViewController.h */ = {isa = PBXFileReference; lastKnownFileType = sourcecode.c.h; path = ViewController.h; sourceTree = "<group>"; };
		017BA80F152C7A9F00DF16B2 /* ViewController.m */ = {isa = PBXFileReference; lastKnownFileType = sourcecode.c.objc; path = ViewController.m; sourceTree = "<group>"; };
		017BA812152C7A9F00DF16B2 /* en */ = {isa = PBXFileReference; lastKnownFileType = file.xib; name = en; path = en.lproj/ViewController.xib; sourceTree = "<group>"; };
		01800D7E152EE7BF0044CEE0 /* Checkmark.png */ = {isa = PBXFileReference; lastKnownFileType = image.png; path = Checkmark.png; sourceTree = "<group>"; };
		01800D7F152EE7BF0044CEE0 /* UIBarButtonItemArrowLeft.png */ = {isa = PBXFileReference; lastKnownFileType = image.png; path = UIBarButtonItemArrowLeft.png; sourceTree = "<group>"; };
		01800D80152EE7BF0044CEE0 /* UIBarButtonItemArrowLeft@2x.png */ = {isa = PBXFileReference; lastKnownFileType = image.png; path = "UIBarButtonItemArrowLeft@2x.png"; sourceTree = "<group>"; };
		01800D81152EE7BF0044CEE0 /* UIBarButtonItemArrowRight.png */ = {isa = PBXFileReference; lastKnownFileType = image.png; path = UIBarButtonItemArrowRight.png; sourceTree = "<group>"; };
		01800D82152EE7BF0044CEE0 /* UIBarButtonItemArrowRight@2x.png */ = {isa = PBXFileReference; lastKnownFileType = image.png; path = "UIBarButtonItemArrowRight@2x.png"; sourceTree = "<group>"; };
		018AF60D15459BF500820E79 /* UIImageExtras.h */ = {isa = PBXFileReference; lastKnownFileType = sourcecode.c.h; path = UIImageExtras.h; sourceTree = "<group>"; };
		018AF60E15459BF500820E79 /* UIImageExtras.m */ = {isa = PBXFileReference; lastKnownFileType = sourcecode.c.objc; path = UIImageExtras.m; sourceTree = "<group>"; };
		019DED0315639D000008F616 /* EntryLs.h */ = {isa = PBXFileReference; fileEncoding = 4; lastKnownFileType = sourcecode.c.h; path = EntryLs.h; sourceTree = "<group>"; };
		019DED0415639D000008F616 /* EntryLs.m */ = {isa = PBXFileReference; fileEncoding = 4; lastKnownFileType = sourcecode.c.objc; path = EntryLs.m; sourceTree = "<group>"; };
		019DED071563B7520008F616 /* CaptionView.h */ = {isa = PBXFileReference; fileEncoding = 4; lastKnownFileType = sourcecode.c.h; path = CaptionView.h; sourceTree = "<group>"; };
		019DED081563B7520008F616 /* CaptionView.m */ = {isa = PBXFileReference; fileEncoding = 4; lastKnownFileType = sourcecode.c.objc; path = CaptionView.m; sourceTree = "<group>"; };
		01AB9239155545FC009E5E12 /* DirectoryList.h */ = {isa = PBXFileReference; fileEncoding = 4; lastKnownFileType = sourcecode.c.h; path = DirectoryList.h; sourceTree = "<group>"; };
		01AB923A155545FC009E5E12 /* DirectoryList.m */ = {isa = PBXFileReference; fileEncoding = 4; lastKnownFileType = sourcecode.c.objc; path = DirectoryList.m; sourceTree = "<group>"; };
		01DF222D1536FAD00089B7F2 /* CFNetwork.framework */ = {isa = PBXFileReference; lastKnownFileType = wrapper.framework; name = CFNetwork.framework; path = System/Library/Frameworks/CFNetwork.framework; sourceTree = SDKROOT; };
		01FC27DE156E23CC00C5549C /* ConnectionsList.h */ = {isa = PBXFileReference; fileEncoding = 4; lastKnownFileType = sourcecode.c.h; path = ConnectionsList.h; sourceTree = "<group>"; };
		01FC27DF156E23CC00C5549C /* ConnectionsList.m */ = {isa = PBXFileReference; fileEncoding = 4; lastKnownFileType = sourcecode.c.objc; path = ConnectionsList.m; sourceTree = "<group>"; };
/* End PBXFileReference section */

/* Begin PBXFrameworksBuildPhase section */
		017BA7F5152C7A9E00DF16B2 /* Frameworks */ = {
			isa = PBXFrameworksBuildPhase;
			buildActionMask = 2147483647;
			files = (
				01720CB815494FDD00ECC483 /* QuartzCore.framework in Frameworks */,
				01DF222E1536FAD10089B7F2 /* CFNetwork.framework in Frameworks */,
				017BA7FD152C7A9E00DF16B2 /* UIKit.framework in Frameworks */,
				017BA7FF152C7A9E00DF16B2 /* Foundation.framework in Frameworks */,
				017BA801152C7A9E00DF16B2 /* CoreGraphics.framework in Frameworks */,
				0179535A15788BC60028C36D /* libchilkatIos.a in Frameworks */,
			);
			runOnlyForDeploymentPostprocessing = 0;
		};
/* End PBXFrameworksBuildPhase section */

/* Begin PBXGroup section */
		01797986152D912D00645399 /* Images */ = {
			isa = PBXGroup;
			children = (
				01800D7E152EE7BF0044CEE0 /* Checkmark.png */,
				01800D7F152EE7BF0044CEE0 /* UIBarButtonItemArrowLeft.png */,
				01800D80152EE7BF0044CEE0 /* UIBarButtonItemArrowLeft@2x.png */,
				01800D81152EE7BF0044CEE0 /* UIBarButtonItemArrowRight.png */,
				01800D82152EE7BF0044CEE0 /* UIBarButtonItemArrowRight@2x.png */,
			);
			name = Images;
			sourceTree = "<group>";
		};
		017BA7ED152C7A9E00DF16B2 = {
			isa = PBXGroup;
			children = (
				017BA802152C7A9E00DF16B2 /* PhotoBrowser */,
				017BA7FB152C7A9E00DF16B2 /* Frameworks */,
				017BA7F9152C7A9E00DF16B2 /* Products */,
			);
			sourceTree = "<group>";
		};
		017BA7F9152C7A9E00DF16B2 /* Products */ = {
			isa = PBXGroup;
			children = (
				017BA7F8152C7A9E00DF16B2 /* PhotoBrowser.app */,
			);
			name = Products;
			sourceTree = "<group>";
		};
		017BA7FB152C7A9E00DF16B2 /* Frameworks */ = {
			isa = PBXGroup;
			children = (
				01720CB715494FDD00ECC483 /* QuartzCore.framework */,
				01DF222D1536FAD00089B7F2 /* CFNetwork.framework */,
				017BA7FC152C7A9E00DF16B2 /* UIKit.framework */,
				017BA7FE152C7A9E00DF16B2 /* Foundation.framework */,
				017BA800152C7A9E00DF16B2 /* CoreGraphics.framework */,
			);
			name = Frameworks;
			sourceTree = "<group>";
		};
		017BA802152C7A9E00DF16B2 /* PhotoBrowser */ = {
			isa = PBXGroup;
			children = (
				01797986152D912D00645399 /* Images */,
				0179535915788BC60028C36D /* libchilkatIos.a */,
				017BA80B152C7A9F00DF16B2 /* AppDelegate.h */,
				017BA80C152C7A9F00DF16B2 /* AppDelegate.m */,
				017BA80E152C7A9F00DF16B2 /* ViewController.h */,
				017BA80F152C7A9F00DF16B2 /* ViewController.m */,
				0179797A152D7B3B00645399 /* Browser.h */,
				0179797B152D7B3B00645399 /* Browser.m */,
				017252F91536BA1300775BA8 /* PhotoDelegate.h */,
				016E9934156290AA00561C9E /* LoadingDelegate.h */,
				019DED0315639D000008F616 /* EntryLs.h */,
				019DED0415639D000008F616 /* EntryLs.m */,
				0179535D157891DC0028C36D /* BaseDriver.h */,
				0179535E157891DC0028C36D /* BaseDriver.m */,
				017953651578A7F80028C36D /* FtpDriver.h */,
				017953681578A87A0028C36D /* FtpDriver.mm */,
				01AB9239155545FC009E5E12 /* DirectoryList.h */,
				01AB923A155545FC009E5E12 /* DirectoryList.m */,
				017914131552C03500878E0C /* LoginView.h */,
				017914141552C03500878E0C /* LoginView.m */,
				01FC27DE156E23CC00C5549C /* ConnectionsList.h */,
				01FC27DF156E23CC00C5549C /* ConnectionsList.m */,
				017252FB1536BAFE00775BA8 /* Photo.h */,
				017252FC1536BAFE00775BA8 /* Photo.m */,
				019DED071563B7520008F616 /* CaptionView.h */,
				019DED081563B7520008F616 /* CaptionView.m */,
				01761E3F1546D60300EF8749 /* TappingImageView.h */,
				01761E401546D60400EF8749 /* TappingImageView.m */,
				01761E411546D60400EF8749 /* ZoomingScrollView.h */,
				01761E421546D60400EF8749 /* ZoomingScrollView.m */,
				018AF60D15459BF500820E79 /* UIImageExtras.h */,
				018AF60E15459BF500820E79 /* UIImageExtras.m */,
				017254BA155169B20087586A /* MBProgressHUD.h */,
				017254BB155169B20087586A /* MBProgressHUD.m */,
				0179535615788B700028C36D /* empty.cpp */,
				017BA811152C7A9F00DF16B2 /* ViewController.xib */,
				017BA803152C7A9E00DF16B2 /* Supporting Files */,
			);
			path = PhotoBrowser;
			sourceTree = "<group>";
		};
		017BA803152C7A9E00DF16B2 /* Supporting Files */ = {
			isa = PBXGroup;
			children = (
				017BA804152C7A9E00DF16B2 /* PhotoBrowser-Info.plist */,
				017BA805152C7A9E00DF16B2 /* InfoPlist.strings */,
				017BA808152C7A9E00DF16B2 /* main.m */,
				017BA80A152C7A9E00DF16B2 /* PhotoBrowser-Prefix.pch */,
			);
			name = "Supporting Files";
			sourceTree = "<group>";
		};
/* End PBXGroup section */

/* Begin PBXNativeTarget section */
		017BA7F7152C7A9E00DF16B2 /* PhotoBrowser */ = {
			isa = PBXNativeTarget;
			buildConfigurationList = 017BA816152C7A9F00DF16B2 /* Build configuration list for PBXNativeTarget "PhotoBrowser" */;
			buildPhases = (
				017BA7F4152C7A9E00DF16B2 /* Sources */,
				017BA7F5152C7A9E00DF16B2 /* Frameworks */,
				017BA7F6152C7A9E00DF16B2 /* Resources */,
			);
			buildRules = (
			);
			dependencies = (
			);
			name = PhotoBrowser;
			productName = PhotoBrowser;
			productReference = 017BA7F8152C7A9E00DF16B2 /* PhotoBrowser.app */;
			productType = "com.apple.product-type.application";
		};
/* End PBXNativeTarget section */

/* Begin PBXProject section */
		017BA7EF152C7A9E00DF16B2 /* Project object */ = {
			isa = PBXProject;
			attributes = {
				LastUpgradeCheck = 0430;
			};
			buildConfigurationList = 017BA7F2152C7A9E00DF16B2 /* Build configuration list for PBXProject "PhotoBrowser" */;
			compatibilityVersion = "Xcode 3.2";
			developmentRegion = English;
			hasScannedForEncodings = 0;
			knownRegions = (
				en,
			);
			mainGroup = 017BA7ED152C7A9E00DF16B2;
			productRefGroup = 017BA7F9152C7A9E00DF16B2 /* Products */;
			projectDirPath = "";
			projectRoot = "";
			targets = (
				017BA7F7152C7A9E00DF16B2 /* PhotoBrowser */,
			);
		};
/* End PBXProject section */

/* Begin PBXResourcesBuildPhase section */
		017BA7F6152C7A9E00DF16B2 /* Resources */ = {
			isa = PBXResourcesBuildPhase;
			buildActionMask = 2147483647;
			files = (
				017BA807152C7A9E00DF16B2 /* InfoPlist.strings in Resources */,
				017BA813152C7A9F00DF16B2 /* ViewController.xib in Resources */,
				01800D83152EE7BF0044CEE0 /* Checkmark.png in Resources */,
				01800D84152EE7BF0044CEE0 /* UIBarButtonItemArrowLeft.png in Resources */,
				01800D85152EE7BF0044CEE0 /* UIBarButtonItemArrowLeft@2x.png in Resources */,
				01800D86152EE7BF0044CEE0 /* UIBarButtonItemArrowRight.png in Resources */,
				01800D87152EE7BF0044CEE0 /* UIBarButtonItemArrowRight@2x.png in Resources */,
			);
			runOnlyForDeploymentPostprocessing = 0;
		};
/* End PBXResourcesBuildPhase section */

/* Begin PBXSourcesBuildPhase section */
		017BA7F4152C7A9E00DF16B2 /* Sources */ = {
			isa = PBXSourcesBuildPhase;
			buildActionMask = 2147483647;
			files = (
				017254BD155169C60087586A /* MBProgressHUD.m in Sources */,
				01761E441546D63500EF8749 /* ZoomingScrollView.m in Sources */,
				01761E431546D62900EF8749 /* TappingImageView.m in Sources */,
				018AF61015459C0500820E79 /* UIImageExtras.m in Sources */,
				017BA809152C7A9E00DF16B2 /* main.m in Sources */,
				017BA80D152C7A9F00DF16B2 /* AppDelegate.m in Sources */,
				017BA810152C7A9F00DF16B2 /* ViewController.m in Sources */,
				0179797C152D7B3B00645399 /* Browser.m in Sources */,
				017252FD1536BAFE00775BA8 /* Photo.m in Sources */,
				017914151552C03500878E0C /* LoginView.m in Sources */,
				01AB923B155545FC009E5E12 /* DirectoryList.m in Sources */,
				019DED0515639D000008F616 /* EntryLs.m in Sources */,
				019DED091563B7530008F616 /* CaptionView.m in Sources */,
				01FC27E0156E23CC00C5549C /* ConnectionsList.m in Sources */,
				0179535715788B700028C36D /* empty.cpp in Sources */,
				0179535F157891DC0028C36D /* BaseDriver.m in Sources */,
				017953691578A87B0028C36D /* FtpDriver.mm in Sources */,
			);
			runOnlyForDeploymentPostprocessing = 0;
		};
/* End PBXSourcesBuildPhase section */

/* Begin PBXVariantGroup section */
		017BA805152C7A9E00DF16B2 /* InfoPlist.strings */ = {
			isa = PBXVariantGroup;
			children = (
				017BA806152C7A9E00DF16B2 /* en */,
			);
			name = InfoPlist.strings;
			sourceTree = "<group>";
		};
		017BA811152C7A9F00DF16B2 /* ViewController.xib */ = {
			isa = PBXVariantGroup;
			children = (
				017BA812152C7A9F00DF16B2 /* en */,
			);
			name = ViewController.xib;
			sourceTree = "<group>";
		};
/* End PBXVariantGroup section */

/* Begin XCBuildConfiguration section */
		017BA814152C7A9F00DF16B2 /* Debug */ = {
			isa = XCBuildConfiguration;
			buildSettings = {
				ALWAYS_SEARCH_USER_PATHS = NO;
				ARCHS = "$(ARCHS_STANDARD_32_BIT)";
				"CODE_SIGN_IDENTITY[sdk=iphoneos*]" = "iPhone Developer";
				COPY_PHASE_STRIP = NO;
				GCC_C_LANGUAGE_STANDARD = gnu99;
				GCC_DYNAMIC_NO_PIC = NO;
				GCC_OPTIMIZATION_LEVEL = 0;
				GCC_PREPROCESSOR_DEFINITIONS = (
					"DEBUG=1",
					"$(inherited)",
				);
				GCC_SYMBOLS_PRIVATE_EXTERN = NO;
				GCC_VERSION = com.apple.compilers.llvm.clang.1_0;
				GCC_WARN_ABOUT_RETURN_TYPE = YES;
				GCC_WARN_UNINITIALIZED_AUTOS = YES;
				GCC_WARN_UNUSED_VARIABLE = YES;
				IPHONEOS_DEPLOYMENT_TARGET = 5.1;
				SDKROOT = iphoneos;
			};
			name = Debug;
		};
		017BA815152C7A9F00DF16B2 /* Release */ = {
			isa = XCBuildConfiguration;
			buildSettings = {
				ALWAYS_SEARCH_USER_PATHS = NO;
				ARCHS = "$(ARCHS_STANDARD_32_BIT)";
				"CODE_SIGN_IDENTITY[sdk=iphoneos*]" = "iPhone Developer";
				COPY_PHASE_STRIP = YES;
				GCC_C_LANGUAGE_STANDARD = gnu99;
				GCC_VERSION = com.apple.compilers.llvm.clang.1_0;
				GCC_WARN_ABOUT_RETURN_TYPE = YES;
				GCC_WARN_UNINITIALIZED_AUTOS = YES;
				GCC_WARN_UNUSED_VARIABLE = YES;
				IPHONEOS_DEPLOYMENT_TARGET = 5.1;
				OTHER_CFLAGS = "-DNS_BLOCK_ASSERTIONS=1";
				SDKROOT = iphoneos;
				VALIDATE_PRODUCT = YES;
			};
			name = Release;
		};
		017BA817152C7A9F00DF16B2 /* Debug */ = {
			isa = XCBuildConfiguration;
			buildSettings = {
				GCC_PRECOMPILE_PREFIX_HEADER = YES;
				GCC_PREFIX_HEADER = "PhotoBrowser/PhotoBrowser-Prefix.pch";
				HEADER_SEARCH_PATHS = "/Users/ukv/Documents/lib/Chilkat-9.3.1-IOS-4.3/include/**";
				INFOPLIST_FILE = "PhotoBrowser/PhotoBrowser-Info.plist";
				IPHONEOS_DEPLOYMENT_TARGET = 5.1;
				LIBRARY_SEARCH_PATHS = (
					"$(inherited)",
					"\"$(SRCROOT)/PhotoBrowser\"",
				);
				PRODUCT_NAME = "$(TARGET_NAME)";
				TARGETED_DEVICE_FAMILY = "1,2";
				WRAPPER_EXTENSION = app;
			};
			name = Debug;
		};
		017BA818152C7A9F00DF16B2 /* Release */ = {
			isa = XCBuildConfiguration;
			buildSettings = {
				GCC_PRECOMPILE_PREFIX_HEADER = YES;
				GCC_PREFIX_HEADER = "PhotoBrowser/PhotoBrowser-Prefix.pch";
				HEADER_SEARCH_PATHS = "/Users/ukv/Documents/lib/Chilkat-9.3.1-IOS-4.3/include/**";
				INFOPLIST_FILE = "PhotoBrowser/PhotoBrowser-Info.plist";
				IPHONEOS_DEPLOYMENT_TARGET = 5.1;
				LIBRARY_SEARCH_PATHS = (
					"$(inherited)",
					"\"$(SRCROOT)/PhotoBrowser\"",
				);
				PRODUCT_NAME = "$(TARGET_NAME)";
				TARGETED_DEVICE_FAMILY = "1,2";
				WRAPPER_EXTENSION = app;
			};
			name = Release;
		};
/* End XCBuildConfiguration section */

/* Begin XCConfigurationList section */
		017BA7F2152C7A9E00DF16B2 /* Build configuration list for PBXProject "PhotoBrowser" */ = {
			isa = XCConfigurationList;
			buildConfigurations = (
				017BA814152C7A9F00DF16B2 /* Debug */,
				017BA815152C7A9F00DF16B2 /* Release */,
			);
			defaultConfigurationIsVisible = 0;
			defaultConfigurationName = Release;
		};
		017BA816152C7A9F00DF16B2 /* Build configuration list for PBXNativeTarget "PhotoBrowser" */ = {
			isa = XCConfigurationList;
			buildConfigurations = (
				017BA817152C7A9F00DF16B2 /* Debug */,
				017BA818152C7A9F00DF16B2 /* Release */,
			);
			defaultConfigurationIsVisible = 0;
			defaultConfigurationName = Release;
		};
/* End XCConfigurationList section */
	};
	rootObject = 017BA7EF152C7A9E00DF16B2 /* Project object */;
}
