// !$*UTF8*$!
{
	archiveVersion = 1;
	classes = {
	};
	objectVersion = 46;
	objects = {

/* Begin PBXBuildFile section */
		0120EBAA15887B44005F33B2 /* MWCaptionView.m in Sources */ = {isa = PBXBuildFile; fileRef = 0120EB9E15887B44005F33B2 /* MWCaptionView.m */; };
		0120EBAB15887B44005F33B2 /* MWPhoto.m in Sources */ = {isa = PBXBuildFile; fileRef = 0120EBA015887B44005F33B2 /* MWPhoto.m */; };
		0120EBAC15887B44005F33B2 /* MWPhotoBrowser.m in Sources */ = {isa = PBXBuildFile; fileRef = 0120EBA215887B44005F33B2 /* MWPhotoBrowser.m */; };
		0120EBAD15887B44005F33B2 /* MWTapDetectingImageView.m in Sources */ = {isa = PBXBuildFile; fileRef = 0120EBA515887B44005F33B2 /* MWTapDetectingImageView.m */; };
		0120EBAE15887B44005F33B2 /* MWTapDetectingView.m in Sources */ = {isa = PBXBuildFile; fileRef = 0120EBA715887B44005F33B2 /* MWTapDetectingView.m */; };
		0120EBAF15887B44005F33B2 /* MWZoomingScrollView.m in Sources */ = {isa = PBXBuildFile; fileRef = 0120EBA915887B44005F33B2 /* MWZoomingScrollView.m */; };
		0120EBB1158888FA005F33B2 /* MessageUI.framework in Frameworks */ = {isa = PBXBuildFile; fileRef = 0120EBB0158888F9005F33B2 /* MessageUI.framework */; };
		016E124C158F665C00606E02 /* Box.png in Resources */ = {isa = PBXBuildFile; fileRef = 016E124B158F665C00606E02 /* Box.png */; };
		016E361A1589F04600287054 /* white_carbonfiber.png in Resources */ = {isa = PBXBuildFile; fileRef = 016E36191589F04600287054 /* white_carbonfiber.png */; };
		016E361D1589F1A400287054 /* dark_wall.png in Resources */ = {isa = PBXBuildFile; fileRef = 016E361C1589F1A400287054 /* dark_wall.png */; };
		016E361F1589F21D00287054 /* bo_play_pattern.png in Resources */ = {isa = PBXBuildFile; fileRef = 016E361E1589F21D00287054 /* bo_play_pattern.png */; };
		016E36211589F29A00287054 /* ravenna.png in Resources */ = {isa = PBXBuildFile; fileRef = 016E36201589F29A00287054 /* ravenna.png */; };
		016E36231589F39D00287054 /* tex2res2.png in Resources */ = {isa = PBXBuildFile; fileRef = 016E36221589F39D00287054 /* tex2res2.png */; };
		016EEDB9158B2B3500B6A2D2 /* Downloads.m in Sources */ = {isa = PBXBuildFile; fileRef = 016EEDB8158B2B3400B6A2D2 /* Downloads.m */; };
		0170ED5A1590AD5300F5F588 /* Note.png in Resources */ = {isa = PBXBuildFile; fileRef = 0170ED591590AD5300F5F588 /* Note.png */; };
		017113221591B13A00428E58 /* UIPullToReloadHeaderView.m in Sources */ = {isa = PBXBuildFile; fileRef = 0171131F1591B13A00428E58 /* UIPullToReloadHeaderView.m */; };
		017113231591B13A00428E58 /* UIPullToReloadTableViewController.m in Sources */ = {isa = PBXBuildFile; fileRef = 017113211591B13A00428E58 /* UIPullToReloadTableViewController.m */; };
		017113251591B1EC00428E58 /* PullToReload.bundle in Resources */ = {isa = PBXBuildFile; fileRef = 017113241591B1EC00428E58 /* PullToReload.bundle */; };
		01720CB815494FDD00ECC483 /* QuartzCore.framework in Frameworks */ = {isa = PBXBuildFile; fileRef = 01720CB715494FDD00ECC483 /* QuartzCore.framework */; };
		017254BD155169C60087586A /* MBProgressHUD.m in Sources */ = {isa = PBXBuildFile; fileRef = 017254BB155169B20087586A /* MBProgressHUD.m */; };
		01728BCE159B32FE001D26BA /* LoginPreferences.m in Sources */ = {isa = PBXBuildFile; fileRef = 01728BCD159B32FD001D26BA /* LoginPreferences.m */; };
		01751C6D15A5C2820043DFA4 /* SystemConfiguration.framework in Frameworks */ = {isa = PBXBuildFile; fileRef = 01751C6C15A5C2820043DFA4 /* SystemConfiguration.framework */; };
		01751C7515A5C6C80043DFA4 /* Reachability.m in Sources */ = {isa = PBXBuildFile; fileRef = 01751C7415A5C69D0043DFA4 /* Reachability.m */; };
		0179535715788B700028C36D /* empty.cpp in Sources */ = {isa = PBXBuildFile; fileRef = 0179535615788B700028C36D /* empty.cpp */; };
		0179535A15788BC60028C36D /* libchilkatIos.a in Frameworks */ = {isa = PBXBuildFile; fileRef = 0179535915788BC60028C36D /* libchilkatIos.a */; };
		0179535F157891DC0028C36D /* BaseDriver.m in Sources */ = {isa = PBXBuildFile; fileRef = 0179535E157891DC0028C36D /* BaseDriver.m */; };
		017953691578A87B0028C36D /* FtpDriver.mm in Sources */ = {isa = PBXBuildFile; fileRef = 017953681578A87A0028C36D /* FtpDriver.mm */; };
		017BA7FD152C7A9E00DF16B2 /* UIKit.framework in Frameworks */ = {isa = PBXBuildFile; fileRef = 017BA7FC152C7A9E00DF16B2 /* UIKit.framework */; };
		017BA7FF152C7A9E00DF16B2 /* Foundation.framework in Frameworks */ = {isa = PBXBuildFile; fileRef = 017BA7FE152C7A9E00DF16B2 /* Foundation.framework */; };
		017BA801152C7A9E00DF16B2 /* CoreGraphics.framework in Frameworks */ = {isa = PBXBuildFile; fileRef = 017BA800152C7A9E00DF16B2 /* CoreGraphics.framework */; };
		017BA807152C7A9E00DF16B2 /* InfoPlist.strings in Resources */ = {isa = PBXBuildFile; fileRef = 017BA805152C7A9E00DF16B2 /* InfoPlist.strings */; };
		017BA809152C7A9E00DF16B2 /* main.m in Sources */ = {isa = PBXBuildFile; fileRef = 017BA808152C7A9E00DF16B2 /* main.m */; };
		017BA80D152C7A9F00DF16B2 /* AppDelegate.m in Sources */ = {isa = PBXBuildFile; fileRef = 017BA80C152C7A9F00DF16B2 /* AppDelegate.m */; };
		01800D83152EE7BF0044CEE0 /* Checkmark.png in Resources */ = {isa = PBXBuildFile; fileRef = 01800D7E152EE7BF0044CEE0 /* Checkmark.png */; };
		01800D84152EE7BF0044CEE0 /* UIBarButtonItemArrowLeft.png in Resources */ = {isa = PBXBuildFile; fileRef = 01800D7F152EE7BF0044CEE0 /* UIBarButtonItemArrowLeft.png */; };
		01800D85152EE7BF0044CEE0 /* UIBarButtonItemArrowLeft@2x.png in Resources */ = {isa = PBXBuildFile; fileRef = 01800D80152EE7BF0044CEE0 /* UIBarButtonItemArrowLeft@2x.png */; };
		01800D86152EE7BF0044CEE0 /* UIBarButtonItemArrowRight.png in Resources */ = {isa = PBXBuildFile; fileRef = 01800D81152EE7BF0044CEE0 /* UIBarButtonItemArrowRight.png */; };
		01800D87152EE7BF0044CEE0 /* UIBarButtonItemArrowRight@2x.png in Resources */ = {isa = PBXBuildFile; fileRef = 01800D82152EE7BF0044CEE0 /* UIBarButtonItemArrowRight@2x.png */; };
		018AF61015459C0500820E79 /* UIImageExtras.m in Sources */ = {isa = PBXBuildFile; fileRef = 018AF60E15459BF500820E79 /* UIImageExtras.m */; };
		019DED0515639D000008F616 /* EntryLs.m in Sources */ = {isa = PBXBuildFile; fileRef = 019DED0415639D000008F616 /* EntryLs.m */; };
		01A8B9EF157CC43E0084418B /* XMLReader.m in Sources */ = {isa = PBXBuildFile; fileRef = 01A8B9ED157CC0270084418B /* XMLReader.m */; };
		01AB923B155545FC009E5E12 /* DirectoryList.m in Sources */ = {isa = PBXBuildFile; fileRef = 01AB923A155545FC009E5E12 /* DirectoryList.m */; };
		01DF222E1536FAD10089B7F2 /* CFNetwork.framework in Frameworks */ = {isa = PBXBuildFile; fileRef = 01DF222D1536FAD00089B7F2 /* CFNetwork.framework */; };
		01FC27E0156E23CC00C5549C /* ConnectionsList.m in Sources */ = {isa = PBXBuildFile; fileRef = 01FC27DF156E23CC00C5549C /* ConnectionsList.m */; };
/* End PBXBuildFile section */

/* Begin PBXFileReference section */
		0120EB9D15887B44005F33B2 /* MWCaptionView.h */ = {isa = PBXFileReference; fileEncoding = 4; lastKnownFileType = sourcecode.c.h; path = MWCaptionView.h; sourceTree = "<group>"; };
		0120EB9E15887B44005F33B2 /* MWCaptionView.m */ = {isa = PBXFileReference; fileEncoding = 4; lastKnownFileType = sourcecode.c.objc; path = MWCaptionView.m; sourceTree = "<group>"; };
		0120EB9F15887B44005F33B2 /* MWPhoto.h */ = {isa = PBXFileReference; fileEncoding = 4; lastKnownFileType = sourcecode.c.h; path = MWPhoto.h; sourceTree = "<group>"; };
		0120EBA015887B44005F33B2 /* MWPhoto.m */ = {isa = PBXFileReference; fileEncoding = 4; lastKnownFileType = sourcecode.c.objc; path = MWPhoto.m; sourceTree = "<group>"; };
		0120EBA115887B44005F33B2 /* MWPhotoBrowser.h */ = {isa = PBXFileReference; fileEncoding = 4; lastKnownFileType = sourcecode.c.h; path = MWPhotoBrowser.h; sourceTree = "<group>"; };
		0120EBA215887B44005F33B2 /* MWPhotoBrowser.m */ = {isa = PBXFileReference; fileEncoding = 4; lastKnownFileType = sourcecode.c.objc; path = MWPhotoBrowser.m; sourceTree = "<group>"; };
		0120EBA315887B44005F33B2 /* MWPhotoProtocol.h */ = {isa = PBXFileReference; fileEncoding = 4; lastKnownFileType = sourcecode.c.h; path = MWPhotoProtocol.h; sourceTree = "<group>"; };
		0120EBA415887B44005F33B2 /* MWTapDetectingImageView.h */ = {isa = PBXFileReference; fileEncoding = 4; lastKnownFileType = sourcecode.c.h; path = MWTapDetectingImageView.h; sourceTree = "<group>"; };
		0120EBA515887B44005F33B2 /* MWTapDetectingImageView.m */ = {isa = PBXFileReference; fileEncoding = 4; lastKnownFileType = sourcecode.c.objc; path = MWTapDetectingImageView.m; sourceTree = "<group>"; };
		0120EBA615887B44005F33B2 /* MWTapDetectingView.h */ = {isa = PBXFileReference; fileEncoding = 4; lastKnownFileType = sourcecode.c.h; path = MWTapDetectingView.h; sourceTree = "<group>"; };
		0120EBA715887B44005F33B2 /* MWTapDetectingView.m */ = {isa = PBXFileReference; fileEncoding = 4; lastKnownFileType = sourcecode.c.objc; path = MWTapDetectingView.m; sourceTree = "<group>"; };
		0120EBA815887B44005F33B2 /* MWZoomingScrollView.h */ = {isa = PBXFileReference; fileEncoding = 4; lastKnownFileType = sourcecode.c.h; path = MWZoomingScrollView.h; sourceTree = "<group>"; };
		0120EBA915887B44005F33B2 /* MWZoomingScrollView.m */ = {isa = PBXFileReference; fileEncoding = 4; lastKnownFileType = sourcecode.c.objc; path = MWZoomingScrollView.m; sourceTree = "<group>"; };
		0120EBB0158888F9005F33B2 /* MessageUI.framework */ = {isa = PBXFileReference; lastKnownFileType = wrapper.framework; name = MessageUI.framework; path = System/Library/Frameworks/MessageUI.framework; sourceTree = SDKROOT; };
		016E124B158F665C00606E02 /* Box.png */ = {isa = PBXFileReference; lastKnownFileType = image.png; path = Box.png; sourceTree = "<group>"; };
		016E36191589F04600287054 /* white_carbonfiber.png */ = {isa = PBXFileReference; lastKnownFileType = image.png; path = white_carbonfiber.png; sourceTree = "<group>"; };
		016E361C1589F1A400287054 /* dark_wall.png */ = {isa = PBXFileReference; lastKnownFileType = image.png; path = dark_wall.png; sourceTree = "<group>"; };
		016E361E1589F21D00287054 /* bo_play_pattern.png */ = {isa = PBXFileReference; lastKnownFileType = image.png; path = bo_play_pattern.png; sourceTree = "<group>"; };
		016E36201589F29A00287054 /* ravenna.png */ = {isa = PBXFileReference; lastKnownFileType = image.png; path = ravenna.png; sourceTree = "<group>"; };
		016E36221589F39D00287054 /* tex2res2.png */ = {isa = PBXFileReference; lastKnownFileType = image.png; path = tex2res2.png; sourceTree = "<group>"; };
		016E9934156290AA00561C9E /* LoadingDelegate.h */ = {isa = PBXFileReference; lastKnownFileType = sourcecode.c.h; path = LoadingDelegate.h; sourceTree = "<group>"; };
		016EEDB7158B2B3400B6A2D2 /* Downloads.h */ = {isa = PBXFileReference; fileEncoding = 4; lastKnownFileType = sourcecode.c.h; path = Downloads.h; sourceTree = "<group>"; };
		016EEDB8158B2B3400B6A2D2 /* Downloads.m */ = {isa = PBXFileReference; fileEncoding = 4; lastKnownFileType = sourcecode.c.objc; path = Downloads.m; sourceTree = "<group>"; };
		0170ED591590AD5300F5F588 /* Note.png */ = {isa = PBXFileReference; lastKnownFileType = image.png; path = Note.png; sourceTree = "<group>"; };
		0171131E1591B13A00428E58 /* UIPullToReloadHeaderView.h */ = {isa = PBXFileReference; fileEncoding = 4; lastKnownFileType = sourcecode.c.h; path = UIPullToReloadHeaderView.h; sourceTree = "<group>"; };
		0171131F1591B13A00428E58 /* UIPullToReloadHeaderView.m */ = {isa = PBXFileReference; fileEncoding = 4; lastKnownFileType = sourcecode.c.objc; path = UIPullToReloadHeaderView.m; sourceTree = "<group>"; };
		017113201591B13A00428E58 /* UIPullToReloadTableViewController.h */ = {isa = PBXFileReference; fileEncoding = 4; lastKnownFileType = sourcecode.c.h; path = UIPullToReloadTableViewController.h; sourceTree = "<group>"; };
		017113211591B13A00428E58 /* UIPullToReloadTableViewController.m */ = {isa = PBXFileReference; fileEncoding = 4; lastKnownFileType = sourcecode.c.objc; path = UIPullToReloadTableViewController.m; sourceTree = "<group>"; };
		017113241591B1EC00428E58 /* PullToReload.bundle */ = {isa = PBXFileReference; lastKnownFileType = "wrapper.plug-in"; path = PullToReload.bundle; sourceTree = "<group>"; };
		01720CB715494FDD00ECC483 /* QuartzCore.framework */ = {isa = PBXFileReference; lastKnownFileType = wrapper.framework; name = QuartzCore.framework; path = System/Library/Frameworks/QuartzCore.framework; sourceTree = SDKROOT; };
		017254BA155169B20087586A /* MBProgressHUD.h */ = {isa = PBXFileReference; lastKnownFileType = sourcecode.c.h; path = MBProgressHUD.h; sourceTree = "<group>"; };
		017254BB155169B20087586A /* MBProgressHUD.m */ = {isa = PBXFileReference; lastKnownFileType = sourcecode.c.objc; path = MBProgressHUD.m; sourceTree = "<group>"; };
		01728BCC159B32FD001D26BA /* LoginPreferences.h */ = {isa = PBXFileReference; fileEncoding = 4; lastKnownFileType = sourcecode.c.h; path = LoginPreferences.h; sourceTree = "<group>"; };
		01728BCD159B32FD001D26BA /* LoginPreferences.m */ = {isa = PBXFileReference; fileEncoding = 4; lastKnownFileType = sourcecode.c.objc; path = LoginPreferences.m; sourceTree = "<group>"; };
		01751C6C15A5C2820043DFA4 /* SystemConfiguration.framework */ = {isa = PBXFileReference; lastKnownFileType = wrapper.framework; name = SystemConfiguration.framework; path = System/Library/Frameworks/SystemConfiguration.framework; sourceTree = SDKROOT; };
		01751C7315A5C69D0043DFA4 /* Reachability.h */ = {isa = PBXFileReference; lastKnownFileType = sourcecode.c.h; path = Reachability.h; sourceTree = "<group>"; };
		01751C7415A5C69D0043DFA4 /* Reachability.m */ = {isa = PBXFileReference; lastKnownFileType = sourcecode.c.objc; path = Reachability.m; sourceTree = "<group>"; };
		0179535615788B700028C36D /* empty.cpp */ = {isa = PBXFileReference; fileEncoding = 4; lastKnownFileType = sourcecode.cpp.cpp; path = empty.cpp; sourceTree = "<group>"; };
		0179535915788BC60028C36D /* libchilkatIos.a */ = {isa = PBXFileReference; lastKnownFileType = archive.ar; path = libchilkatIos.a; sourceTree = "<group>"; };
		0179535D157891DC0028C36D /* BaseDriver.h */ = {isa = PBXFileReference; fileEncoding = 4; lastKnownFileType = sourcecode.c.h; path = BaseDriver.h; sourceTree = "<group>"; };
		0179535E157891DC0028C36D /* BaseDriver.m */ = {isa = PBXFileReference; fileEncoding = 4; lastKnownFileType = sourcecode.c.objc; path = BaseDriver.m; sourceTree = "<group>"; };
		017953651578A7F80028C36D /* FtpDriver.h */ = {isa = PBXFileReference; fileEncoding = 4; lastKnownFileType = sourcecode.c.h; path = FtpDriver.h; sourceTree = "<group>"; };
		017953681578A87A0028C36D /* FtpDriver.mm */ = {isa = PBXFileReference; fileEncoding = 4; lastKnownFileType = sourcecode.cpp.objcpp; path = FtpDriver.mm; sourceTree = "<group>"; };
		017BA7F8152C7A9E00DF16B2 /* PhotoBrowser.app */ = {isa = PBXFileReference; explicitFileType = wrapper.application; includeInIndex = 0; path = PhotoBrowser.app; sourceTree = BUILT_PRODUCTS_DIR; };
		017BA7FC152C7A9E00DF16B2 /* UIKit.framework */ = {isa = PBXFileReference; lastKnownFileType = wrapper.framework; name = UIKit.framework; path = System/Library/Frameworks/UIKit.framework; sourceTree = SDKROOT; };
		017BA7FE152C7A9E00DF16B2 /* Foundation.framework */ = {isa = PBXFileReference; lastKnownFileType = wrapper.framework; name = Foundation.framework; path = System/Library/Frameworks/Foundation.framework; sourceTree = SDKROOT; };
		017BA800152C7A9E00DF16B2 /* CoreGraphics.framework */ = {isa = PBXFileReference; lastKnownFileType = wrapper.framework; name = CoreGraphics.framework; path = System/Library/Frameworks/CoreGraphics.framework; sourceTree = SDKROOT; };
		017BA804152C7A9E00DF16B2 /* PhotoBrowser-Info.plist */ = {isa = PBXFileReference; lastKnownFileType = text.plist.xml; path = "PhotoBrowser-Info.plist"; sourceTree = "<group>"; };
		017BA806152C7A9E00DF16B2 /* en */ = {isa = PBXFileReference; lastKnownFileType = text.plist.strings; name = en; path = en.lproj/InfoPlist.strings; sourceTree = "<group>"; };
		017BA808152C7A9E00DF16B2 /* main.m */ = {isa = PBXFileReference; lastKnownFileType = sourcecode.c.objc; path = main.m; sourceTree = "<group>"; };
		017BA80A152C7A9E00DF16B2 /* PhotoBrowser-Prefix.pch */ = {isa = PBXFileReference; lastKnownFileType = sourcecode.c.h; path = "PhotoBrowser-Prefix.pch"; sourceTree = "<group>"; };
		017BA80B152C7A9F00DF16B2 /* AppDelegate.h */ = {isa = PBXFileReference; lastKnownFileType = sourcecode.c.h; path = AppDelegate.h; sourceTree = "<group>"; };
		017BA80C152C7A9F00DF16B2 /* AppDelegate.m */ = {isa = PBXFileReference; lastKnownFileType = sourcecode.c.objc; path = AppDelegate.m; sourceTree = "<group>"; };
		01800D7E152EE7BF0044CEE0 /* Checkmark.png */ = {isa = PBXFileReference; lastKnownFileType = image.png; path = Checkmark.png; sourceTree = "<group>"; };
		01800D7F152EE7BF0044CEE0 /* UIBarButtonItemArrowLeft.png */ = {isa = PBXFileReference; lastKnownFileType = image.png; path = UIBarButtonItemArrowLeft.png; sourceTree = "<group>"; };
		01800D80152EE7BF0044CEE0 /* UIBarButtonItemArrowLeft@2x.png */ = {isa = PBXFileReference; lastKnownFileType = image.png; path = "UIBarButtonItemArrowLeft@2x.png"; sourceTree = "<group>"; };
		01800D81152EE7BF0044CEE0 /* UIBarButtonItemArrowRight.png */ = {isa = PBXFileReference; lastKnownFileType = image.png; path = UIBarButtonItemArrowRight.png; sourceTree = "<group>"; };
		01800D82152EE7BF0044CEE0 /* UIBarButtonItemArrowRight@2x.png */ = {isa = PBXFileReference; lastKnownFileType = image.png; path = "UIBarButtonItemArrowRight@2x.png"; sourceTree = "<group>"; };
		018AF60D15459BF500820E79 /* UIImageExtras.h */ = {isa = PBXFileReference; lastKnownFileType = sourcecode.c.h; path = UIImageExtras.h; sourceTree = "<group>"; };
		018AF60E15459BF500820E79 /* UIImageExtras.m */ = {isa = PBXFileReference; lastKnownFileType = sourcecode.c.objc; path = UIImageExtras.m; sourceTree = "<group>"; };
		019DED0315639D000008F616 /* EntryLs.h */ = {isa = PBXFileReference; fileEncoding = 4; lastKnownFileType = sourcecode.c.h; path = EntryLs.h; sourceTree = "<group>"; };
		019DED0415639D000008F616 /* EntryLs.m */ = {isa = PBXFileReference; fileEncoding = 4; lastKnownFileType = sourcecode.c.objc; path = EntryLs.m; sourceTree = "<group>"; };
		01A8B9EC157CC0270084418B /* XMLReader.h */ = {isa = PBXFileReference; lastKnownFileType = sourcecode.c.h; path = XMLReader.h; sourceTree = "<group>"; };
		01A8B9ED157CC0270084418B /* XMLReader.m */ = {isa = PBXFileReference; lastKnownFileType = sourcecode.c.objc; path = XMLReader.m; sourceTree = "<group>"; };
		01AB9239155545FC009E5E12 /* DirectoryList.h */ = {isa = PBXFileReference; fileEncoding = 4; lastKnownFileType = sourcecode.c.h; path = DirectoryList.h; sourceTree = "<group>"; };
		01AB923A155545FC009E5E12 /* DirectoryList.m */ = {isa = PBXFileReference; fileEncoding = 4; lastKnownFileType = sourcecode.c.objc; path = DirectoryList.m; sourceTree = "<group>"; };
		01DF222D1536FAD00089B7F2 /* CFNetwork.framework */ = {isa = PBXFileReference; lastKnownFileType = wrapper.framework; name = CFNetwork.framework; path = System/Library/Frameworks/CFNetwork.framework; sourceTree = SDKROOT; };
		01FC27DE156E23CC00C5549C /* ConnectionsList.h */ = {isa = PBXFileReference; fileEncoding = 4; lastKnownFileType = sourcecode.c.h; path = ConnectionsList.h; sourceTree = "<group>"; };
		01FC27DF156E23CC00C5549C /* ConnectionsList.m */ = {isa = PBXFileReference; fileEncoding = 4; lastKnownFileType = sourcecode.c.objc; path = ConnectionsList.m; sourceTree = "<group>"; };
/* End PBXFileReference section */

/* Begin PBXFrameworksBuildPhase section */
		017BA7F5152C7A9E00DF16B2 /* Frameworks */ = {
			isa = PBXFrameworksBuildPhase;
			buildActionMask = 2147483647;
			files = (
				01751C6D15A5C2820043DFA4 /* SystemConfiguration.framework in Frameworks */,
				0120EBB1158888FA005F33B2 /* MessageUI.framework in Frameworks */,
				01720CB815494FDD00ECC483 /* QuartzCore.framework in Frameworks */,
				01DF222E1536FAD10089B7F2 /* CFNetwork.framework in Frameworks */,
				017BA7FD152C7A9E00DF16B2 /* UIKit.framework in Frameworks */,
				017BA7FF152C7A9E00DF16B2 /* Foundation.framework in Frameworks */,
				017BA801152C7A9E00DF16B2 /* CoreGraphics.framework in Frameworks */,
				0179535A15788BC60028C36D /* libchilkatIos.a in Frameworks */,
			);
			runOnlyForDeploymentPostprocessing = 0;
		};
/* End PBXFrameworksBuildPhase section */

/* Begin PBXGroup section */
		0120EB9B15887B1F005F33B2 /* MWPhotoBrowser */ = {
			isa = PBXGroup;
			children = (
				018AF60D15459BF500820E79 /* UIImageExtras.h */,
				018AF60E15459BF500820E79 /* UIImageExtras.m */,
				017254BA155169B20087586A /* MBProgressHUD.h */,
				017254BB155169B20087586A /* MBProgressHUD.m */,
				0120EB9D15887B44005F33B2 /* MWCaptionView.h */,
				0120EB9E15887B44005F33B2 /* MWCaptionView.m */,
				0120EB9F15887B44005F33B2 /* MWPhoto.h */,
				0120EBA015887B44005F33B2 /* MWPhoto.m */,
				0120EBA115887B44005F33B2 /* MWPhotoBrowser.h */,
				0120EBA215887B44005F33B2 /* MWPhotoBrowser.m */,
				0120EBA315887B44005F33B2 /* MWPhotoProtocol.h */,
				0120EBA415887B44005F33B2 /* MWTapDetectingImageView.h */,
				0120EBA515887B44005F33B2 /* MWTapDetectingImageView.m */,
				0120EBA615887B44005F33B2 /* MWTapDetectingView.h */,
				0120EBA715887B44005F33B2 /* MWTapDetectingView.m */,
				0120EBA815887B44005F33B2 /* MWZoomingScrollView.h */,
				0120EBA915887B44005F33B2 /* MWZoomingScrollView.m */,
			);
			name = MWPhotoBrowser;
			sourceTree = "<group>";
		};
		0171131C1591B0EB00428E58 /* UIPullToReloadTableViewController */ = {
			isa = PBXGroup;
			children = (
				0171131E1591B13A00428E58 /* UIPullToReloadHeaderView.h */,
				0171131F1591B13A00428E58 /* UIPullToReloadHeaderView.m */,
				017113201591B13A00428E58 /* UIPullToReloadTableViewController.h */,
				017113211591B13A00428E58 /* UIPullToReloadTableViewController.m */,
				017113241591B1EC00428E58 /* PullToReload.bundle */,
			);
			name = UIPullToReloadTableViewController;
			sourceTree = "<group>";
		};
		01797986152D912D00645399 /* Images */ = {
			isa = PBXGroup;
			children = (
				0170ED591590AD5300F5F588 /* Note.png */,
				016E124B158F665C00606E02 /* Box.png */,
				016E36221589F39D00287054 /* tex2res2.png */,
				016E36201589F29A00287054 /* ravenna.png */,
				016E361E1589F21D00287054 /* bo_play_pattern.png */,
				016E361C1589F1A400287054 /* dark_wall.png */,
				016E36191589F04600287054 /* white_carbonfiber.png */,
				01800D7E152EE7BF0044CEE0 /* Checkmark.png */,
				01800D7F152EE7BF0044CEE0 /* UIBarButtonItemArrowLeft.png */,
				01800D80152EE7BF0044CEE0 /* UIBarButtonItemArrowLeft@2x.png */,
				01800D81152EE7BF0044CEE0 /* UIBarButtonItemArrowRight.png */,
				01800D82152EE7BF0044CEE0 /* UIBarButtonItemArrowRight@2x.png */,
			);
			name = Images;
			sourceTree = "<group>";
		};
		017BA7ED152C7A9E00DF16B2 = {
			isa = PBXGroup;
			children = (
				017BA802152C7A9E00DF16B2 /* PhotoBrowser */,
				017BA7FB152C7A9E00DF16B2 /* Frameworks */,
				017BA7F9152C7A9E00DF16B2 /* Products */,
			);
			sourceTree = "<group>";
		};
		017BA7F9152C7A9E00DF16B2 /* Products */ = {
			isa = PBXGroup;
			children = (
				017BA7F8152C7A9E00DF16B2 /* PhotoBrowser.app */,
			);
			name = Products;
			sourceTree = "<group>";
		};
		017BA7FB152C7A9E00DF16B2 /* Frameworks */ = {
			isa = PBXGroup;
			children = (
				01751C6C15A5C2820043DFA4 /* SystemConfiguration.framework */,
				0120EBB0158888F9005F33B2 /* MessageUI.framework */,
				01720CB715494FDD00ECC483 /* QuartzCore.framework */,
				01DF222D1536FAD00089B7F2 /* CFNetwork.framework */,
				017BA7FC152C7A9E00DF16B2 /* UIKit.framework */,
				017BA7FE152C7A9E00DF16B2 /* Foundation.framework */,
				017BA800152C7A9E00DF16B2 /* CoreGraphics.framework */,
			);
			name = Frameworks;
			sourceTree = "<group>";
		};
		017BA802152C7A9E00DF16B2 /* PhotoBrowser */ = {
			isa = PBXGroup;
			children = (
				0171131C1591B0EB00428E58 /* UIPullToReloadTableViewController */,
				0120EB9B15887B1F005F33B2 /* MWPhotoBrowser */,
				01797986152D912D00645399 /* Images */,
				0179535915788BC60028C36D /* libchilkatIos.a */,
				017BA80B152C7A9F00DF16B2 /* AppDelegate.h */,
				017BA80C152C7A9F00DF16B2 /* AppDelegate.m */,
				016E9934156290AA00561C9E /* LoadingDelegate.h */,
				019DED0315639D000008F616 /* EntryLs.h */,
				019DED0415639D000008F616 /* EntryLs.m */,
				0179535D157891DC0028C36D /* BaseDriver.h */,
				0179535E157891DC0028C36D /* BaseDriver.m */,
				017953651578A7F80028C36D /* FtpDriver.h */,
				017953681578A87A0028C36D /* FtpDriver.mm */,
				016EEDB7158B2B3400B6A2D2 /* Downloads.h */,
				016EEDB8158B2B3400B6A2D2 /* Downloads.m */,
				01AB9239155545FC009E5E12 /* DirectoryList.h */,
				01AB923A155545FC009E5E12 /* DirectoryList.m */,
				01728BCC159B32FD001D26BA /* LoginPreferences.h */,
				01728BCD159B32FD001D26BA /* LoginPreferences.m */,
				01FC27DE156E23CC00C5549C /* ConnectionsList.h */,
				01FC27DF156E23CC00C5549C /* ConnectionsList.m */,
				01A8B9EC157CC0270084418B /* XMLReader.h */,
				01A8B9ED157CC0270084418B /* XMLReader.m */,
				0179535615788B700028C36D /* empty.cpp */,
				01751C7315A5C69D0043DFA4 /* Reachability.h */,
				01751C7415A5C69D0043DFA4 /* Reachability.m */,
				017BA803152C7A9E00DF16B2 /* Supporting Files */,
			);
			path = PhotoBrowser;
			sourceTree = "<group>";
		};
		017BA803152C7A9E00DF16B2 /* Supporting Files */ = {
			isa = PBXGroup;
			children = (
				017BA804152C7A9E00DF16B2 /* PhotoBrowser-Info.plist */,
				017BA805152C7A9E00DF16B2 /* InfoPlist.strings */,
				017BA808152C7A9E00DF16B2 /* main.m */,
				017BA80A152C7A9E00DF16B2 /* PhotoBrowser-Prefix.pch */,
			);
			name = "Supporting Files";
			sourceTree = "<group>";
		};
/* End PBXGroup section */

/* Begin PBXNativeTarget section */
		017BA7F7152C7A9E00DF16B2 /* PhotoBrowser */ = {
			isa = PBXNativeTarget;
			buildConfigurationList = 017BA816152C7A9F00DF16B2 /* Build configuration list for PBXNativeTarget "PhotoBrowser" */;
			buildPhases = (
				017BA7F4152C7A9E00DF16B2 /* Sources */,
				017BA7F5152C7A9E00DF16B2 /* Frameworks */,
				017BA7F6152C7A9E00DF16B2 /* Resources */,
			);
			buildRules = (
			);
			dependencies = (
			);
			name = PhotoBrowser;
			productName = PhotoBrowser;
			productReference = 017BA7F8152C7A9E00DF16B2 /* PhotoBrowser.app */;
			productType = "com.apple.product-type.application";
		};
/* End PBXNativeTarget section */

/* Begin PBXProject section */
		017BA7EF152C7A9E00DF16B2 /* Project object */ = {
			isa = PBXProject;
			attributes = {
				LastUpgradeCheck = 0430;
			};
			buildConfigurationList = 017BA7F2152C7A9E00DF16B2 /* Build configuration list for PBXProject "PhotoBrowser" */;
			compatibilityVersion = "Xcode 3.2";
			developmentRegion = English;
			hasScannedForEncodings = 0;
			knownRegions = (
				en,
			);
			mainGroup = 017BA7ED152C7A9E00DF16B2;
			productRefGroup = 017BA7F9152C7A9E00DF16B2 /* Products */;
			projectDirPath = "";
			projectRoot = "";
			targets = (
				017BA7F7152C7A9E00DF16B2 /* PhotoBrowser */,
			);
		};
/* End PBXProject section */

/* Begin PBXResourcesBuildPhase section */
		017BA7F6152C7A9E00DF16B2 /* Resources */ = {
			isa = PBXResourcesBuildPhase;
			buildActionMask = 2147483647;
			files = (
				017BA807152C7A9E00DF16B2 /* InfoPlist.strings in Resources */,
				01800D83152EE7BF0044CEE0 /* Checkmark.png in Resources */,
				01800D84152EE7BF0044CEE0 /* UIBarButtonItemArrowLeft.png in Resources */,
				01800D85152EE7BF0044CEE0 /* UIBarButtonItemArrowLeft@2x.png in Resources */,
				01800D86152EE7BF0044CEE0 /* UIBarButtonItemArrowRight.png in Resources */,
				01800D87152EE7BF0044CEE0 /* UIBarButtonItemArrowRight@2x.png in Resources */,
				016E361A1589F04600287054 /* white_carbonfiber.png in Resources */,
				016E361D1589F1A400287054 /* dark_wall.png in Resources */,
				016E361F1589F21D00287054 /* bo_play_pattern.png in Resources */,
				016E36211589F29A00287054 /* ravenna.png in Resources */,
				016E36231589F39D00287054 /* tex2res2.png in Resources */,
				016E124C158F665C00606E02 /* Box.png in Resources */,
				0170ED5A1590AD5300F5F588 /* Note.png in Resources */,
				017113251591B1EC00428E58 /* PullToReload.bundle in Resources */,
			);
			runOnlyForDeploymentPostprocessing = 0;
		};
/* End PBXResourcesBuildPhase section */

/* Begin PBXSourcesBuildPhase section */
		017BA7F4152C7A9E00DF16B2 /* Sources */ = {
			isa = PBXSourcesBuildPhase;
			buildActionMask = 2147483647;
			files = (
				01751C7515A5C6C80043DFA4 /* Reachability.m in Sources */,
				01A8B9EF157CC43E0084418B /* XMLReader.m in Sources */,
				017254BD155169C60087586A /* MBProgressHUD.m in Sources */,
				018AF61015459C0500820E79 /* UIImageExtras.m in Sources */,
				017BA809152C7A9E00DF16B2 /* main.m in Sources */,
				017BA80D152C7A9F00DF16B2 /* AppDelegate.m in Sources */,
				01AB923B155545FC009E5E12 /* DirectoryList.m in Sources */,
				019DED0515639D000008F616 /* EntryLs.m in Sources */,
				01FC27E0156E23CC00C5549C /* ConnectionsList.m in Sources */,
				0179535715788B700028C36D /* empty.cpp in Sources */,
				0179535F157891DC0028C36D /* BaseDriver.m in Sources */,
				017953691578A87B0028C36D /* FtpDriver.mm in Sources */,
				0120EBAA15887B44005F33B2 /* MWCaptionView.m in Sources */,
				0120EBAB15887B44005F33B2 /* MWPhoto.m in Sources */,
				0120EBAC15887B44005F33B2 /* MWPhotoBrowser.m in Sources */,
				0120EBAD15887B44005F33B2 /* MWTapDetectingImageView.m in Sources */,
				0120EBAE15887B44005F33B2 /* MWTapDetectingView.m in Sources */,
				0120EBAF15887B44005F33B2 /* MWZoomingScrollView.m in Sources */,
				016EEDB9158B2B3500B6A2D2 /* Downloads.m in Sources */,
				017113221591B13A00428E58 /* UIPullToReloadHeaderView.m in Sources */,
				017113231591B13A00428E58 /* UIPullToReloadTableViewController.m in Sources */,
				01728BCE159B32FE001D26BA /* LoginPreferences.m in Sources */,
			);
			runOnlyForDeploymentPostprocessing = 0;
		};
/* End PBXSourcesBuildPhase section */

/* Begin PBXVariantGroup section */
		017BA805152C7A9E00DF16B2 /* InfoPlist.strings */ = {
			isa = PBXVariantGroup;
			children = (
				017BA806152C7A9E00DF16B2 /* en */,
			);
			name = InfoPlist.strings;
			sourceTree = "<group>";
		};
/* End PBXVariantGroup section */

/* Begin XCBuildConfiguration section */
		017BA814152C7A9F00DF16B2 /* Debug */ = {
			isa = XCBuildConfiguration;
			buildSettings = {
				ALWAYS_SEARCH_USER_PATHS = NO;
				ARCHS = "$(ARCHS_STANDARD_32_BIT)";
				"CODE_SIGN_IDENTITY[sdk=iphoneos*]" = "iPhone Developer";
				COPY_PHASE_STRIP = NO;
				GCC_C_LANGUAGE_STANDARD = gnu99;
				GCC_DYNAMIC_NO_PIC = NO;
				GCC_OPTIMIZATION_LEVEL = 0;
				GCC_PREPROCESSOR_DEFINITIONS = (
					"DEBUG=1",
					"$(inherited)",
				);
				GCC_SYMBOLS_PRIVATE_EXTERN = NO;
				GCC_VERSION = com.apple.compilers.llvm.clang.1_0;
				GCC_WARN_ABOUT_RETURN_TYPE = YES;
				GCC_WARN_UNINITIALIZED_AUTOS = YES;
				GCC_WARN_UNUSED_VARIABLE = YES;
				IPHONEOS_DEPLOYMENT_TARGET = 5.1;
				SDKROOT = iphoneos;
			};
			name = Debug;
		};
		017BA815152C7A9F00DF16B2 /* Release */ = {
			isa = XCBuildConfiguration;
			buildSettings = {
				ALWAYS_SEARCH_USER_PATHS = NO;
				ARCHS = "$(ARCHS_STANDARD_32_BIT)";
				"CODE_SIGN_IDENTITY[sdk=iphoneos*]" = "iPhone Developer";
				COPY_PHASE_STRIP = YES;
				GCC_C_LANGUAGE_STANDARD = gnu99;
				GCC_VERSION = com.apple.compilers.llvm.clang.1_0;
				GCC_WARN_ABOUT_RETURN_TYPE = YES;
				GCC_WARN_UNINITIALIZED_AUTOS = YES;
				GCC_WARN_UNUSED_VARIABLE = YES;
				IPHONEOS_DEPLOYMENT_TARGET = 5.1;
				OTHER_CFLAGS = "-DNS_BLOCK_ASSERTIONS=1";
				SDKROOT = iphoneos;
				VALIDATE_PRODUCT = YES;
			};
			name = Release;
		};
		017BA817152C7A9F00DF16B2 /* Debug */ = {
			isa = XCBuildConfiguration;
			buildSettings = {
				GCC_PRECOMPILE_PREFIX_HEADER = YES;
				GCC_PREFIX_HEADER = "PhotoBrowser/PhotoBrowser-Prefix.pch";
				HEADER_SEARCH_PATHS = "/Users/ukv/Documents/lib/Chilkat-9.3.1-IOS-4.3/include/**";
				INFOPLIST_FILE = "PhotoBrowser/PhotoBrowser-Info.plist";
				IPHONEOS_DEPLOYMENT_TARGET = 5.1;
				LIBRARY_SEARCH_PATHS = (
					"$(inherited)",
					"\"$(SRCROOT)/PhotoBrowser\"",
				);
				PRODUCT_NAME = "$(TARGET_NAME)";
				TARGETED_DEVICE_FAMILY = "1,2";
				WRAPPER_EXTENSION = app;
			};
			name = Debug;
		};
		017BA818152C7A9F00DF16B2 /* Release */ = {
			isa = XCBuildConfiguration;
			buildSettings = {
				GCC_PRECOMPILE_PREFIX_HEADER = YES;
				GCC_PREFIX_HEADER = "PhotoBrowser/PhotoBrowser-Prefix.pch";
				HEADER_SEARCH_PATHS = "/Users/ukv/Documents/lib/Chilkat-9.3.1-IOS-4.3/include/**";
				INFOPLIST_FILE = "PhotoBrowser/PhotoBrowser-Info.plist";
				IPHONEOS_DEPLOYMENT_TARGET = 5.1;
				LIBRARY_SEARCH_PATHS = (
					"$(inherited)",
					"\"$(SRCROOT)/PhotoBrowser\"",
				);
				PRODUCT_NAME = "$(TARGET_NAME)";
				TARGETED_DEVICE_FAMILY = "1,2";
				WRAPPER_EXTENSION = app;
			};
			name = Release;
		};
/* End XCBuildConfiguration section */

/* Begin XCConfigurationList section */
		017BA7F2152C7A9E00DF16B2 /* Build configuration list for PBXProject "PhotoBrowser" */ = {
			isa = XCConfigurationList;
			buildConfigurations = (
				017BA814152C7A9F00DF16B2 /* Debug */,
				017BA815152C7A9F00DF16B2 /* Release */,
			);
			defaultConfigurationIsVisible = 0;
			defaultConfigurationName = Release;
		};
		017BA816152C7A9F00DF16B2 /* Build configuration list for PBXNativeTarget "PhotoBrowser" */ = {
			isa = XCConfigurationList;
			buildConfigurations = (
				017BA817152C7A9F00DF16B2 /* Debug */,
				017BA818152C7A9F00DF16B2 /* Release */,
			);
			defaultConfigurationIsVisible = 0;
			defaultConfigurationName = Release;
		};
/* End XCConfigurationList section */
	};
	rootObject = 017BA7EF152C7A9E00DF16B2 /* Project object */;
}
